
Microsoft Visual Studio Solution File, Format Version 12.00
# Visual Studio Version 17
VisualStudioVersion = 17.3.32901.215
MinimumVisualStudioVersion = 10.0.40219.1
Project("{FAE04EC0-301F-11D3-BF4B-00C04F79EFBC}") = "D15Cnpm7", "D15Cnpm7\D15Cnpm7.csproj", "{9AAF7126-032E-4567-92CE-6436A6252283}"
EndProject
Global
	GlobalSection(SolutionConfigurationPlatforms) = preSolution
		Debug|Any CPU = Debug|Any CPU
		Release|Any CPU = Release|Any CPU
	EndGlobalSection
	GlobalSection(ProjectConfigurationPlatforms) = postSolution
		{9AAF7126-032E-4567-92CE-6436A6252283}.Debug|Any CPU.ActiveCfg = Debug|Any CPU
		{9AAF7126-032E-4567-92CE-6436A6252283}.Debug|Any CPU.Build.0 = Debug|Any CPU
		{9AAF7126-032E-4567-92CE-6436A6252283}.Release|Any CPU.ActiveCfg = Release|Any CPU
		{9AAF7126-032E-4567-92CE-6436A6252283}.Release|Any CPU.Build.0 = Release|Any CPU
	EndGlobalSection
	GlobalSection(SolutionProperties) = preSolution
		HideSolutionNode = FALSE
	EndGlobalSection
	GlobalSection(ExtensibilityGlobals) = postSolution
		SolutionGuid = {50F8123E-2A80-4BEA-8B9A-49CF4B4925C6}
	EndGlobalSection
EndGlobal
